
Microsoft Visual Studio Solution File, Format Version 10.00
# Visual Studio 2008
Project("{8BC9CEB8-8B4A-11D0-8D11-00A0C91BC942}") = "DataViewer", "DataViewer.vcproj", "{0A468196-D0EA-4FCE-88B6-447BF1D3D09E}"
EndProject
Global
	GlobalSection(SolutionConfigurationPlatforms) = preSolution
		Debug|Win32 = Debug|Win32
		Release|Win32 = Release|Win32
	EndGlobalSection
	GlobalSection(ProjectConfigurationPlatforms) = postSolution
		{0A468196-D0EA-4FCE-88B6-447BF1D3D09E}.Debug|Win32.ActiveCfg = Debug|Win32
		{0A468196-D0EA-4FCE-88B6-447BF1D3D09E}.Debug|Win32.Build.0 = Debug|Win32
		{0A468196-D0EA-4FCE-88B6-447BF1D3D09E}.Release|Win32.ActiveCfg = Release|Win32
		{0A468196-D0EA-4FCE-88B6-447BF1D3D09E}.Release|Win32.Build.0 = Release|Win32
	EndGlobalSection
	GlobalSection(SolutionProperties) = preSolution
		HideSolutionNode = FALSE
	EndGlobalSection
EndGlobal
